// !$*UTF8*$!
{
	archiveVersion = 1;
	classes = {
	};
	objectVersion = 46;
	objects = {

/* Begin PBXBuildFile section */
		46B693491B4DA6A900F75487 /* AMPluginFramework.framework in Frameworks */ = {isa = PBXBuildFile; fileRef = 46B693471B4DA64400F75487 /* AMPluginFramework.framework */; };
		46B6934B1B4DA83000F75487 /* Airmail2Asana.m in Sources */ = {isa = PBXBuildFile; fileRef = 46B6934A1B4DA83000F75487 /* Airmail2Asana.m */; };
		46B6934E1B4DAA8E00F75487 /* Airmail2Asana.bundle in CopyFiles */ = {isa = PBXBuildFile; fileRef = 46CF4AAA1B4D9E0400B93670 /* Airmail2Asana.bundle */; };
		46B693501B4DACEC00F75487 /* plugins-Airmail2Asana.png in Resources */ = {isa = PBXBuildFile; fileRef = 46B6934F1B4DACEC00F75487 /* plugins-Airmail2Asana.png */; };
		46B693551B4DB0D700F75487 /* Airmail2AsanaConfigView.m in Sources */ = {isa = PBXBuildFile; fileRef = 46B693541B4DB0D700F75487 /* Airmail2AsanaConfigView.m */; };
/* End PBXBuildFile section */

/* Begin PBXCopyFilesBuildPhase section */
		46B6934D1B4DAA6000F75487 /* CopyFiles */ = {
			isa = PBXCopyFilesBuildPhase;
			buildActionMask = 2147483647;
			dstPath = "/Users/lars/Library/Containers/it.bloop.airmail2/Data/Library/Application Support/Airmail/General/Plugins";
			dstSubfolderSpec = 0;
			files = (
				46B6934E1B4DAA8E00F75487 /* Airmail2Asana.bundle in CopyFiles */,
			);
			runOnlyForDeploymentPostprocessing = 0;
		};
/* End PBXCopyFilesBuildPhase section */

/* Begin PBXFileReference section */
		46B693471B4DA64400F75487 /* AMPluginFramework.framework */ = {isa = PBXFileReference; lastKnownFileType = wrapper.framework; name = AMPluginFramework.framework; path = Airmail2Asana/AMPluginFramework.framework; sourceTree = "<group>"; };
		46B6934A1B4DA83000F75487 /* Airmail2Asana.m */ = {isa = PBXFileReference; fileEncoding = 4; lastKnownFileType = sourcecode.c.objc; path = Airmail2Asana.m; sourceTree = "<group>"; };
		46B6934C1B4DA84B00F75487 /* Airmail2Asana.h */ = {isa = PBXFileReference; lastKnownFileType = sourcecode.c.h; path = Airmail2Asana.h; sourceTree = "<group>"; };
		46B6934F1B4DACEC00F75487 /* plugins-Airmail2Asana.png */ = {isa = PBXFileReference; lastKnownFileType = image.png; path = "plugins-Airmail2Asana.png"; sourceTree = "<group>"; };
		46B693531B4DAFFD00F75487 /* Airmail2AsanaConfigView.h */ = {isa = PBXFileReference; lastKnownFileType = sourcecode.c.h; path = Airmail2AsanaConfigView.h; sourceTree = "<group>"; };
		46B693541B4DB0D700F75487 /* Airmail2AsanaConfigView.m */ = {isa = PBXFileReference; fileEncoding = 4; lastKnownFileType = sourcecode.c.objc; path = Airmail2AsanaConfigView.m; sourceTree = "<group>"; };
		46CF4AAA1B4D9E0400B93670 /* Airmail2Asana.bundle */ = {isa = PBXFileReference; explicitFileType = wrapper.cfbundle; includeInIndex = 0; path = Airmail2Asana.bundle; sourceTree = BUILT_PRODUCTS_DIR; };
		46CF4AAE1B4D9E0400B93670 /* Info.plist */ = {isa = PBXFileReference; lastKnownFileType = text.plist.xml; path = Info.plist; sourceTree = "<group>"; };
/* End PBXFileReference section */

/* Begin PBXFrameworksBuildPhase section */
		46CF4AA71B4D9E0400B93670 /* Frameworks */ = {
			isa = PBXFrameworksBuildPhase;
			buildActionMask = 2147483647;
			files = (
				46B693491B4DA6A900F75487 /* AMPluginFramework.framework in Frameworks */,
			);
			runOnlyForDeploymentPostprocessing = 0;
		};
/* End PBXFrameworksBuildPhase section */

/* Begin PBXGroup section */
		46CF4AA11B4D9E0400B93670 = {
			isa = PBXGroup;
			children = (
				46B693471B4DA64400F75487 /* AMPluginFramework.framework */,
				46CF4AAC1B4D9E0400B93670 /* Airmail2Asana */,
				46CF4AAB1B4D9E0400B93670 /* Products */,
			);
			sourceTree = "<group>";
		};
		46CF4AAB1B4D9E0400B93670 /* Products */ = {
			isa = PBXGroup;
			children = (
				46CF4AAA1B4D9E0400B93670 /* Airmail2Asana.bundle */,
			);
			name = Products;
			sourceTree = "<group>";
		};
		46CF4AAC1B4D9E0400B93670 /* Airmail2Asana */ = {
			isa = PBXGroup;
			children = (
				46CF4AAD1B4D9E0400B93670 /* Supporting Files */,
				46B6934A1B4DA83000F75487 /* Airmail2Asana.m */,
				46B6934C1B4DA84B00F75487 /* Airmail2Asana.h */,
				46B693531B4DAFFD00F75487 /* Airmail2AsanaConfigView.h */,
				46B693541B4DB0D700F75487 /* Airmail2AsanaConfigView.m */,
			);
			path = Airmail2Asana;
			sourceTree = "<group>";
		};
		46CF4AAD1B4D9E0400B93670 /* Supporting Files */ = {
			isa = PBXGroup;
			children = (
				46B6934F1B4DACEC00F75487 /* plugins-Airmail2Asana.png */,
				46CF4AAE1B4D9E0400B93670 /* Info.plist */,
			);
			name = "Supporting Files";
			sourceTree = "<group>";
		};
/* End PBXGroup section */

/* Begin PBXNativeTarget section */
		46CF4AA91B4D9E0400B93670 /* Airmail2Asana */ = {
			isa = PBXNativeTarget;
			buildConfigurationList = 46CF4AB11B4D9E0400B93670 /* Build configuration list for PBXNativeTarget "Airmail2Asana" */;
			buildPhases = (
				46CF4AA61B4D9E0400B93670 /* Sources */,
				46CF4AA71B4D9E0400B93670 /* Frameworks */,
				46CF4AA81B4D9E0400B93670 /* Resources */,
				46B6934D1B4DAA6000F75487 /* CopyFiles */,
			);
			buildRules = (
			);
			dependencies = (
			);
			name = Airmail2Asana;
			productName = Airmail2Asana;
			productReference = 46CF4AAA1B4D9E0400B93670 /* Airmail2Asana.bundle */;
			productType = "com.apple.product-type.bundle";
		};
/* End PBXNativeTarget section */

/* Begin PBXProject section */
		46CF4AA21B4D9E0400B93670 /* Project object */ = {
			isa = PBXProject;
			attributes = {
				LastUpgradeCheck = 0640;
				ORGANIZATIONNAME = "Lars Winter";
				TargetAttributes = {
					46CF4AA91B4D9E0400B93670 = {
						CreatedOnToolsVersion = 6.4;
					};
				};
			};
			buildConfigurationList = 46CF4AA51B4D9E0400B93670 /* Build configuration list for PBXProject "Airmail2Asana" */;
			compatibilityVersion = "Xcode 3.2";
			developmentRegion = English;
			hasScannedForEncodings = 0;
			knownRegions = (
				en,
			);
			mainGroup = 46CF4AA11B4D9E0400B93670;
			productRefGroup = 46CF4AAB1B4D9E0400B93670 /* Products */;
			projectDirPath = "";
			projectRoot = "";
			targets = (
				46CF4AA91B4D9E0400B93670 /* Airmail2Asana */,
			);
		};
/* End PBXProject section */

/* Begin PBXResourcesBuildPhase section */
		46CF4AA81B4D9E0400B93670 /* Resources */ = {
			isa = PBXResourcesBuildPhase;
			buildActionMask = 2147483647;
			files = (
				46B693501B4DACEC00F75487 /* plugins-Airmail2Asana.png in Resources */,
			);
			runOnlyForDeploymentPostprocessing = 0;
		};
/* End PBXResourcesBuildPhase section */

/* Begin PBXSourcesBuildPhase section */
		46CF4AA61B4D9E0400B93670 /* Sources */ = {
			isa = PBXSourcesBuildPhase;
			buildActionMask = 2147483647;
			files = (
				46B693551B4DB0D700F75487 /* Airmail2AsanaConfigView.m in Sources */,
				46B6934B1B4DA83000F75487 /* Airmail2Asana.m in Sources */,
			);
			runOnlyForDeploymentPostprocessing = 0;
		};
/* End PBXSourcesBuildPhase section */

/* Begin XCBuildConfiguration section */
		46CF4AAF1B4D9E0400B93670 /* Debug */ = {
			isa = XCBuildConfiguration;
			buildSettings = {
				ALWAYS_SEARCH_USER_PATHS = NO;
				CLANG_CXX_LANGUAGE_STANDARD = "gnu++0x";
				CLANG_CXX_LIBRARY = "libc++";
				CLANG_ENABLE_MODULES = YES;
				CLANG_ENABLE_OBJC_ARC = YES;
				CLANG_WARN_BOOL_CONVERSION = YES;
				CLANG_WARN_CONSTANT_CONVERSION = YES;
				CLANG_WARN_DIRECT_OBJC_ISA_USAGE = YES_ERROR;
				CLANG_WARN_EMPTY_BODY = YES;
				CLANG_WARN_ENUM_CONVERSION = YES;
				CLANG_WARN_INT_CONVERSION = YES;
				CLANG_WARN_OBJC_ROOT_CLASS = YES_ERROR;
				CLANG_WARN_UNREACHABLE_CODE = YES;
				CLANG_WARN__DUPLICATE_METHOD_MATCH = YES;
				COPY_PHASE_STRIP = NO;
				DEBUG_INFORMATION_FORMAT = dwarf;
				ENABLE_STRICT_OBJC_MSGSEND = YES;
				GCC_C_LANGUAGE_STANDARD = gnu99;
				GCC_DYNAMIC_NO_PIC = NO;
				GCC_NO_COMMON_BLOCKS = YES;
				GCC_OPTIMIZATION_LEVEL = 0;
				GCC_PREPROCESSOR_DEFINITIONS = (
					"DEBUG=1",
					"$(inherited)",
				);
				GCC_SYMBOLS_PRIVATE_EXTERN = NO;
				GCC_WARN_64_TO_32_BIT_CONVERSION = YES;
				GCC_WARN_ABOUT_RETURN_TYPE = YES_ERROR;
				GCC_WARN_UNDECLARED_SELECTOR = YES;
				GCC_WARN_UNINITIALIZED_AUTOS = YES_AGGRESSIVE;
				GCC_WARN_UNUSED_FUNCTION = YES;
				GCC_WARN_UNUSED_VARIABLE = YES;
				MACOSX_DEPLOYMENT_TARGET = 10.10;
				MTL_ENABLE_DEBUG_INFO = YES;
				ONLY_ACTIVE_ARCH = YES;
				SDKROOT = macosx;
			};
			name = Debug;
		};
		46CF4AB01B4D9E0400B93670 /* Release */ = {
			isa = XCBuildConfiguration;
			buildSettings = {
				ALWAYS_SEARCH_USER_PATHS = NO;
				CLANG_CXX_LANGUAGE_STANDARD = "gnu++0x";
				CLANG_CXX_LIBRARY = "libc++";
				CLANG_ENABLE_MODULES = YES;
				CLANG_ENABLE_OBJC_ARC = YES;
				CLANG_WARN_BOOL_CONVERSION = YES;
				CLANG_WARN_CONSTANT_CONVERSION = YES;
				CLANG_WARN_DIRECT_OBJC_ISA_USAGE = YES_ERROR;
				CLANG_WARN_EMPTY_BODY = YES;
				CLANG_WARN_ENUM_CONVERSION = YES;
				CLANG_WARN_INT_CONVERSION = YES;
				CLANG_WARN_OBJC_ROOT_CLASS = YES_ERROR;
				CLANG_WARN_UNREACHABLE_CODE = YES;
				CLANG_WARN__DUPLICATE_METHOD_MATCH = YES;
				COPY_PHASE_STRIP = NO;
				DEBUG_INFORMATION_FORMAT = "dwarf-with-dsym";
				ENABLE_NS_ASSERTIONS = NO;
				ENABLE_STRICT_OBJC_MSGSEND = YES;
				GCC_C_LANGUAGE_STANDARD = gnu99;
				GCC_NO_COMMON_BLOCKS = YES;
				GCC_WARN_64_TO_32_BIT_CONVERSION = YES;
				GCC_WARN_ABOUT_RETURN_TYPE = YES_ERROR;
				GCC_WARN_UNDECLARED_SELECTOR = YES;
				GCC_WARN_UNINITIALIZED_AUTOS = YES_AGGRESSIVE;
				GCC_WARN_UNUSED_FUNCTION = YES;
				GCC_WARN_UNUSED_VARIABLE = YES;
				MACOSX_DEPLOYMENT_TARGET = 10.10;
				MTL_ENABLE_DEBUG_INFO = NO;
				SDKROOT = macosx;
			};
			name = Release;
		};
		46CF4AB21B4D9E0400B93670 /* Debug */ = {
			isa = XCBuildConfiguration;
			buildSettings = {
				COMBINE_HIDPI_IMAGES = YES;
				FRAMEWORK_SEARCH_PATHS = (
					"$(inherited)",
					"/Users/lars/Downloads/Wunderlist-AMPlug-master/Wunderlist",
					"$(PROJECT_DIR)/Airmail2Asana",
				);
				INFOPLIST_FILE = Airmail2Asana/Info.plist;
				INSTALL_PATH = "$(LOCAL_LIBRARY_DIR)/Bundles";
				PRODUCT_NAME = "$(TARGET_NAME)";
				SKIP_INSTALL = YES;
				WRAPPER_EXTENSION = bundle;
			};
			name = Debug;
		};
		46CF4AB31B4D9E0400B93670 /* Release */ = {
			isa = XCBuildConfiguration;
			buildSettings = {
				COMBINE_HIDPI_IMAGES = YES;
				FRAMEWORK_SEARCH_PATHS = (
					"$(inherited)",
					"/Users/lars/Downloads/Wunderlist-AMPlug-master/Wunderlist",
					"$(PROJECT_DIR)/Airmail2Asana",
				);
				INFOPLIST_FILE = Airmail2Asana/Info.plist;
				INSTALL_PATH = "$(LOCAL_LIBRARY_DIR)/Bundles";
				PRODUCT_NAME = "$(TARGET_NAME)";
				SKIP_INSTALL = YES;
				WRAPPER_EXTENSION = bundle;
			};
			name = Release;
		};
/* End XCBuildConfiguration section */

/* Begin XCConfigurationList section */
		46CF4AA51B4D9E0400B93670 /* Build configuration list for PBXProject "Airmail2Asana" */ = {
			isa = XCConfigurationList;
			buildConfigurations = (
				46CF4AAF1B4D9E0400B93670 /* Debug */,
				46CF4AB01B4D9E0400B93670 /* Release */,
			);
			defaultConfigurationIsVisible = 0;
			defaultConfigurationName = Release;
		};
		46CF4AB11B4D9E0400B93670 /* Build configuration list for PBXNativeTarget "Airmail2Asana" */ = {
			isa = XCConfigurationList;
			buildConfigurations = (
				46CF4AB21B4D9E0400B93670 /* Debug */,
				46CF4AB31B4D9E0400B93670 /* Release */,
			);
			defaultConfigurationIsVisible = 0;
			defaultConfigurationName = Release;
		};
/* End XCConfigurationList section */
	};
	rootObject = 46CF4AA21B4D9E0400B93670 /* Project object */;
}
